
Microsoft Visual Studio Solution File, Format Version 12.00
# Visual Studio Version 17
VisualStudioVersion = 17.0.31903.59
MinimumVisualStudioVersion = 10.0.40219.1
Project("{FAE04EC0-301F-11D3-BF4B-00C04F79EFBC}") = "QuickPulse.Explains", "QuickPulse.Explains\QuickPulse.Explains.csproj", "{F95CCE98-7599-4926-BAFC-4459EDAAB711}"
EndProject
Project("{FAE04EC0-301F-11D3-BF4B-00C04F79EFBC}") = "QuickPulse.Explains.Tests", "QuickPulse.Explains.Tests\QuickPulse.Explains.Tests.csproj", "{FC236AAF-5AC4-4FC7-861F-C4970D46951A}"
EndProject
Global
	GlobalSection(SolutionConfigurationPlatforms) = preSolution
		Debug|Any CPU = Debug|Any CPU
		Debug|x64 = Debug|x64
		Debug|x86 = Debug|x86
		Release|Any CPU = Release|Any CPU
		Release|x64 = Release|x64
		Release|x86 = Release|x86
	EndGlobalSection
	GlobalSection(ProjectConfigurationPlatforms) = postSolution
		{F95CCE98-7599-4926-BAFC-4459EDAAB711}.Debug|Any CPU.ActiveCfg = Debug|Any CPU
		{F95CCE98-7599-4926-BAFC-4459EDAAB711}.Debug|Any CPU.Build.0 = Debug|Any CPU
		{F95CCE98-7599-4926-BAFC-4459EDAAB711}.Debug|x64.ActiveCfg = Debug|Any CPU
		{F95CCE98-7599-4926-BAFC-4459EDAAB711}.Debug|x64.Build.0 = Debug|Any CPU
		{F95CCE98-7599-4926-BAFC-4459EDAAB711}.Debug|x86.ActiveCfg = Debug|Any CPU
		{F95CCE98-7599-4926-BAFC-4459EDAAB711}.Debug|x86.Build.0 = Debug|Any CPU
		{F95CCE98-7599-4926-BAFC-4459EDAAB711}.Release|Any CPU.ActiveCfg = Release|Any CPU
		{F95CCE98-7599-4926-BAFC-4459EDAAB711}.Release|Any CPU.Build.0 = Release|Any CPU
		{F95CCE98-7599-4926-BAFC-4459EDAAB711}.Release|x64.ActiveCfg = Release|Any CPU
		{F95CCE98-7599-4926-BAFC-4459EDAAB711}.Release|x64.Build.0 = Release|Any CPU
		{F95CCE98-7599-4926-BAFC-4459EDAAB711}.Release|x86.ActiveCfg = Release|Any CPU
		{F95CCE98-7599-4926-BAFC-4459EDAAB711}.Release|x86.Build.0 = Release|Any CPU
		{FC236AAF-5AC4-4FC7-861F-C4970D46951A}.Debug|Any CPU.ActiveCfg = Debug|Any CPU
		{FC236AAF-5AC4-4FC7-861F-C4970D46951A}.Debug|Any CPU.Build.0 = Debug|Any CPU
		{FC236AAF-5AC4-4FC7-861F-C4970D46951A}.Debug|x64.ActiveCfg = Debug|Any CPU
		{FC236AAF-5AC4-4FC7-861F-C4970D46951A}.Debug|x64.Build.0 = Debug|Any CPU
		{FC236AAF-5AC4-4FC7-861F-C4970D46951A}.Debug|x86.ActiveCfg = Debug|Any CPU
		{FC236AAF-5AC4-4FC7-861F-C4970D46951A}.Debug|x86.Build.0 = Debug|Any CPU
		{FC236AAF-5AC4-4FC7-861F-C4970D46951A}.Release|Any CPU.ActiveCfg = Release|Any CPU
		{FC236AAF-5AC4-4FC7-861F-C4970D46951A}.Release|Any CPU.Build.0 = Release|Any CPU
		{FC236AAF-5AC4-4FC7-861F-C4970D46951A}.Release|x64.ActiveCfg = Release|Any CPU
		{FC236AAF-5AC4-4FC7-861F-C4970D46951A}.Release|x64.Build.0 = Release|Any CPU
		{FC236AAF-5AC4-4FC7-861F-C4970D46951A}.Release|x86.ActiveCfg = Release|Any CPU
		{FC236AAF-5AC4-4FC7-861F-C4970D46951A}.Release|x86.Build.0 = Release|Any CPU
	EndGlobalSection
	GlobalSection(SolutionProperties) = preSolution
		HideSolutionNode = FALSE
	EndGlobalSection
EndGlobal
